
Microsoft Visual Studio Solution File, Format Version 12.00
# Visual Studio 15
VisualStudioVersion = 15.0.27703.2026
MinimumVisualStudioVersion = 10.0.40219.1
Project("{FAE04EC0-301F-11D3-BF4B-00C04F79EFBC}") = "NotBeforeCoffee", "NotBeforeCoffee\NotBeforeCoffee.csproj", "{01A1D5BA-3B7D-4C56-B367-CAD58EFFF257}"
EndProject
Global
	GlobalSection(SolutionConfigurationPlatforms) = preSolution
		Debug|Any CPU = Debug|Any CPU
		Release|Any CPU = Release|Any CPU
	EndGlobalSection
	GlobalSection(ProjectConfigurationPlatforms) = postSolution
		{01A1D5BA-3B7D-4C56-B367-CAD58EFFF257}.Debug|Any CPU.ActiveCfg = Debug|Any CPU
		{01A1D5BA-3B7D-4C56-B367-CAD58EFFF257}.Debug|Any CPU.Build.0 = Debug|Any CPU
		{01A1D5BA-3B7D-4C56-B367-CAD58EFFF257}.Release|Any CPU.ActiveCfg = Release|Any CPU
		{01A1D5BA-3B7D-4C56-B367-CAD58EFFF257}.Release|Any CPU.Build.0 = Release|Any CPU
	EndGlobalSection
	GlobalSection(SolutionProperties) = preSolution
		HideSolutionNode = FALSE
	EndGlobalSection
	GlobalSection(ExtensibilityGlobals) = postSolution
		SolutionGuid = {4FD71D43-EE1B-421D-B0EA-66E309FF1FF1}
	EndGlobalSection
EndGlobal
